Microsoft Visual Studio Solution File, Format Version 11.00
# Visual Studio 2008

Project("{661C60C1-EFE7-4073-D0C5-3D2AB47BCC91}") = "CanYouFollow", "Assembly-CSharp.csproj", "{742560D9-8C91-52DE-016A-EF55245F8B2E}"
EndProject
Global
	GlobalSection(SolutionConfigurationPlatforms) = preSolution
		Debug|Any CPU = Debug|Any CPU
		Release|Any CPU = Release|Any CPU
	EndGlobalSection
	GlobalSection(ProjectConfigurationPlatforms) = postSolution
		{742560D9-8C91-52DE-016A-EF55245F8B2E}.Debug|Any CPU.ActiveCfg = Debug|Any CPU
		{742560D9-8C91-52DE-016A-EF55245F8B2E}.Debug|Any CPU.Build.0 = Debug|Any CPU
		{742560D9-8C91-52DE-016A-EF55245F8B2E}.Release|Any CPU.ActiveCfg = Release|Any CPU
		{742560D9-8C91-52DE-016A-EF55245F8B2E}.Release|Any CPU.Build.0 = Release|Any CPU
	EndGlobalSection
	GlobalSection(SolutionProperties) = preSolution
		HideSolutionNode = FALSE
	EndGlobalSection
	GlobalSection(MonoDevelopProperties) = preSolution
		StartupItem = Assembly-CSharp.csproj
	EndGlobalSection
EndGlobal
